{
  "name": "emojilib",
  "version": "2.4.0",
  "lockfileVersion": 1,
  "requires": true,
  "dependencies": {
    "kleur": {
      "version": "3.0.3",
      "resolved": "https://registry.npmjs.org/kleur/-/kleur-3.0.3.tgz",
      "integrity": "sha512-eTIzlVOSUR+JxdDFepEYcBMtZ9Qqdef+rnzWdRZuMbOywu5tO2w2N7rqjoANZ5k9vywhL6Br1VRjUIgTQx4E8w==",
      "dev": true
    },
    "prettier": {
      "version": "1.18.2",
      "resolved": "https://registry.npmjs.org/prettier/-/prettier-1.18.2.tgz",
      "integrity": "sha512-OeHeMc0JhFE9idD4ZdtNibzY0+TPHSpSSb9h8FqtP+YnoZZ1sl8Vc9b1sasjfymH3SonAF4QcA2+mzHPhMvIiw==",
      "dev": true
    },
    "prompts": {
      "version": "2.2.1",
      "resolved": "https://registry.npmjs.org/prompts/-/prompts-2.2.1.tgz",
      "integrity": "sha512-VObPvJiWPhpZI6C5m60XOzTfnYg/xc/an+r9VYymj9WJW3B/DIH+REzjpAACPf8brwPeP+7vz3bIim3S+AaMjw==",
      "dev": true,
      "requires": {
        "kleur": "^3.0.3",
        "sisteransi": "^1.0.3"
      }
    },
    "sisteransi": {
      "version": "1.0.3",
      "resolved": "https://registry.npmjs.org/sisteransi/-/sisteransi-1.0.3.tgz",
      "integrity": "sha512-SbEG75TzH8G7eVXFSN5f9EExILKfly7SUvVY5DhhYLvfhKqhDFY0OzevWa/zwak0RLRfWS5AvfMWpd9gJvr5Yg==",
      "dev": true
    },
    "unicode-emoji-json": {
      "version": "0.1.0",
      "resolved": "https://registry.npmjs.org/unicode-emoji-json/-/unicode-emoji-json-0.1.0.tgz",
      "integrity": "sha512-7jyfbZZf4OaDF4o4h9GdlxTmh6dodwAnLVVI9rVmDiol1aKD2oBh9mgMQGil7fAOJiyLzS+RHo2F0Ex3D13syw==",
      "dev": true
    }
  }
}
